// !$*UTF8*$!
{
	archiveVersion = 1;
	classes = {
	};
	objectVersion = 55;
	objects = {

/* Begin PBXBuildFile section */
		E021EACB27EA269400B1859A /* ItemModel.swift in Sources */ = {isa = PBXBuildFile; fileRef = E021EACA27EA269400B1859A /* ItemModel.swift */; };
		E021EACD27EA3D2700B1859A /* EquipajeViewModel.swift in Sources */ = {isa = PBXBuildFile; fileRef = E021EACC27EA3D2700B1859A /* EquipajeViewModel.swift */; };
		E021EACF27EBE9A700B1859A /* InicioViewModel.swift in Sources */ = {isa = PBXBuildFile; fileRef = E021EACE27EBE9A700B1859A /* InicioViewModel.swift */; };
		E021EAD127EBE9B500B1859A /* InicioModel.swift in Sources */ = {isa = PBXBuildFile; fileRef = E021EAD027EBE9B500B1859A /* InicioModel.swift */; };
		E0701D4427E0FDC800567CC2 /* TransporteViewModel.swift in Sources */ = {isa = PBXBuildFile; fileRef = E0701D4327E0FDC800567CC2 /* TransporteViewModel.swift */; };
		E0701D4627E0FDD400567CC2 /* TransporteModel.swift in Sources */ = {isa = PBXBuildFile; fileRef = E0701D4527E0FDD400567CC2 /* TransporteModel.swift */; };
		E0701D4827E1046500567CC2 /* AgregarTransporteView.swift in Sources */ = {isa = PBXBuildFile; fileRef = E0701D4727E1046500567CC2 /* AgregarTransporteView.swift */; };
		E0A6831327DD5A7000A18E5A /* TransporteView.swift in Sources */ = {isa = PBXBuildFile; fileRef = E0A6831227DD5A7000A18E5A /* TransporteView.swift */; };
		E0BBA56127E2B8D900573CEA /* DetalleTransporteView.swift in Sources */ = {isa = PBXBuildFile; fileRef = E0BBA56027E2B8D900573CEA /* DetalleTransporteView.swift */; };
		E0D21FE127F3949C006CFC86 /* GastosModel.swift in Sources */ = {isa = PBXBuildFile; fileRef = E0D21FDD27F3949C006CFC86 /* GastosModel.swift */; };
		E0D21FE227F3949C006CFC86 /* DetalleGastoView.swift in Sources */ = {isa = PBXBuildFile; fileRef = E0D21FDE27F3949C006CFC86 /* DetalleGastoView.swift */; };
		E0D21FE327F3949C006CFC86 /* NuevoGastoView.swift in Sources */ = {isa = PBXBuildFile; fileRef = E0D21FDF27F3949C006CFC86 /* NuevoGastoView.swift */; };
		E0D21FE427F3949C006CFC86 /* GastosViewModel.swift in Sources */ = {isa = PBXBuildFile; fileRef = E0D21FE027F3949C006CFC86 /* GastosViewModel.swift */; };
		E0D21FE627F394A8006CFC86 /* Utils in Resources */ = {isa = PBXBuildFile; fileRef = E0D21FE527F394A8006CFC86 /* Utils */; };
		E0D21FE927F39547006CFC86 /* SwiftUIFontIcon in Frameworks */ = {isa = PBXBuildFile; productRef = E0D21FE827F39547006CFC86 /* SwiftUIFontIcon */; };
		E0D21FEB27F48074006CFC86 /* GoogleService-Info.plist in Resources */ = {isa = PBXBuildFile; fileRef = E0D21FEA27F48074006CFC86 /* GoogleService-Info.plist */; };
		E0D21FEE27F48264006CFC86 /* FirebaseAnalytics in Frameworks */ = {isa = PBXBuildFile; productRef = E0D21FED27F48264006CFC86 /* FirebaseAnalytics */; };
		E0D21FF027F48264006CFC86 /* FirebaseAnalyticsSwift-Beta in Frameworks */ = {isa = PBXBuildFile; productRef = E0D21FEF27F48264006CFC86 /* FirebaseAnalyticsSwift-Beta */; };
		E0D21FF227F48264006CFC86 /* FirebaseAuth in Frameworks */ = {isa = PBXBuildFile; productRef = E0D21FF127F48264006CFC86 /* FirebaseAuth */; };
		E0D21FF427F48264006CFC86 /* FirebaseDatabase in Frameworks */ = {isa = PBXBuildFile; productRef = E0D21FF327F48264006CFC86 /* FirebaseDatabase */; };
		E0D21FF627F48264006CFC86 /* FirebaseDatabaseSwift-Beta in Frameworks */ = {isa = PBXBuildFile; productRef = E0D21FF527F48264006CFC86 /* FirebaseDatabaseSwift-Beta */; };
		E0D560CA27DE69C700A270CA /* GastosView.swift in Sources */ = {isa = PBXBuildFile; fileRef = E0D560C927DE69C700A270CA /* GastosView.swift */; };
		E0D560CD27DF7EDB00A270CA /* EquipajeView.swift in Sources */ = {isa = PBXBuildFile; fileRef = E0D560CC27DF7EDB00A270CA /* EquipajeView.swift */; };
		E0D560D027DF7FA300A270CA /* InicioView.swift in Sources */ = {isa = PBXBuildFile; fileRef = E0D560CF27DF7FA300A270CA /* InicioView.swift */; };
		E0EF50EC27DBB8F200DE7194 /* ViajerosAppApp.swift in Sources */ = {isa = PBXBuildFile; fileRef = E0EF50EB27DBB8F200DE7194 /* ViajerosAppApp.swift */; };
		E0EF50EE27DBB8F200DE7194 /* HomeView.swift in Sources */ = {isa = PBXBuildFile; fileRef = E0EF50ED27DBB8F200DE7194 /* HomeView.swift */; };
		E0EF50F027DBB8F400DE7194 /* Assets.xcassets in Resources */ = {isa = PBXBuildFile; fileRef = E0EF50EF27DBB8F400DE7194 /* Assets.xcassets */; };
		E0EF50F327DBB8F400DE7194 /* Preview Assets.xcassets in Resources */ = {isa = PBXBuildFile; fileRef = E0EF50F227DBB8F400DE7194 /* Preview Assets.xcassets */; };
		E0EF50FA27DBC4B200DE7194 /* PrimerViajeView.swift in Sources */ = {isa = PBXBuildFile; fileRef = E0EF50F927DBC4B200DE7194 /* PrimerViajeView.swift */; };
/* End PBXBuildFile section */

/* Begin PBXFileReference section */
		E021EACA27EA269400B1859A /* ItemModel.swift */ = {isa = PBXFileReference; lastKnownFileType = sourcecode.swift; path = ItemModel.swift; sourceTree = "<group>"; };
		E021EACC27EA3D2700B1859A /* EquipajeViewModel.swift */ = {isa = PBXFileReference; lastKnownFileType = sourcecode.swift; path = EquipajeViewModel.swift; sourceTree = "<group>"; };
		E021EACE27EBE9A700B1859A /* InicioViewModel.swift */ = {isa = PBXFileReference; lastKnownFileType = sourcecode.swift; path = InicioViewModel.swift; sourceTree = "<group>"; };
		E021EAD027EBE9B500B1859A /* InicioModel.swift */ = {isa = PBXFileReference; lastKnownFileType = sourcecode.swift; path = InicioModel.swift; sourceTree = "<group>"; };
		E0701D4327E0FDC800567CC2 /* TransporteViewModel.swift */ = {isa = PBXFileReference; lastKnownFileType = sourcecode.swift; path = TransporteViewModel.swift; sourceTree = "<group>"; };
		E0701D4527E0FDD400567CC2 /* TransporteModel.swift */ = {isa = PBXFileReference; lastKnownFileType = sourcecode.swift; path = TransporteModel.swift; sourceTree = "<group>"; };
		E0701D4727E1046500567CC2 /* AgregarTransporteView.swift */ = {isa = PBXFileReference; lastKnownFileType = sourcecode.swift; path = AgregarTransporteView.swift; sourceTree = "<group>"; };
		E0A6831227DD5A7000A18E5A /* TransporteView.swift */ = {isa = PBXFileReference; lastKnownFileType = sourcecode.swift; path = TransporteView.swift; sourceTree = "<group>"; };
		E0BBA56027E2B8D900573CEA /* DetalleTransporteView.swift */ = {isa = PBXFileReference; lastKnownFileType = sourcecode.swift; path = DetalleTransporteView.swift; sourceTree = "<group>"; };
		E0D21FDD27F3949C006CFC86 /* GastosModel.swift */ = {isa = PBXFileReference; fileEncoding = 4; lastKnownFileType = sourcecode.swift; path = GastosModel.swift; sourceTree = "<group>"; };
		E0D21FDE27F3949C006CFC86 /* DetalleGastoView.swift */ = {isa = PBXFileReference; fileEncoding = 4; lastKnownFileType = sourcecode.swift; path = DetalleGastoView.swift; sourceTree = "<group>"; };
		E0D21FDF27F3949C006CFC86 /* NuevoGastoView.swift */ = {isa = PBXFileReference; fileEncoding = 4; lastKnownFileType = sourcecode.swift; path = NuevoGastoView.swift; sourceTree = "<group>"; };
		E0D21FE027F3949C006CFC86 /* GastosViewModel.swift */ = {isa = PBXFileReference; fileEncoding = 4; lastKnownFileType = sourcecode.swift; path = GastosViewModel.swift; sourceTree = "<group>"; };
		E0D21FE527F394A8006CFC86 /* Utils */ = {isa = PBXFileReference; fileEncoding = 4; lastKnownFileType = text; name = Utils; path = ViajerosApp/Utils; sourceTree = SOURCE_ROOT; };
		E0D21FEA27F48074006CFC86 /* GoogleService-Info.plist */ = {isa = PBXFileReference; fileEncoding = 4; lastKnownFileType = text.plist.xml; path = "GoogleService-Info.plist"; sourceTree = "<group>"; };
		E0D560C927DE69C700A270CA /* GastosView.swift */ = {isa = PBXFileReference; lastKnownFileType = sourcecode.swift; path = GastosView.swift; sourceTree = "<group>"; };
		E0D560CC27DF7EDB00A270CA /* EquipajeView.swift */ = {isa = PBXFileReference; lastKnownFileType = sourcecode.swift; path = EquipajeView.swift; sourceTree = "<group>"; };
		E0D560CF27DF7FA300A270CA /* InicioView.swift */ = {isa = PBXFileReference; lastKnownFileType = sourcecode.swift; path = InicioView.swift; sourceTree = "<group>"; };
		E0EF50E827DBB8F200DE7194 /* ViajerosApp.app */ = {isa = PBXFileReference; explicitFileType = wrapper.application; includeInIndex = 0; path = ViajerosApp.app; sourceTree = BUILT_PRODUCTS_DIR; };
		E0EF50EB27DBB8F200DE7194 /* ViajerosAppApp.swift */ = {isa = PBXFileReference; lastKnownFileType = sourcecode.swift; path = ViajerosAppApp.swift; sourceTree = "<group>"; };
		E0EF50ED27DBB8F200DE7194 /* HomeView.swift */ = {isa = PBXFileReference; lastKnownFileType = sourcecode.swift; path = HomeView.swift; sourceTree = "<group>"; };
		E0EF50EF27DBB8F400DE7194 /* Assets.xcassets */ = {isa = PBXFileReference; lastKnownFileType = folder.assetcatalog; path = Assets.xcassets; sourceTree = "<group>"; };
		E0EF50F227DBB8F400DE7194 /* Preview Assets.xcassets */ = {isa = PBXFileReference; lastKnownFileType = folder.assetcatalog; path = "Preview Assets.xcassets"; sourceTree = "<group>"; };
		E0EF50F927DBC4B200DE7194 /* PrimerViajeView.swift */ = {isa = PBXFileReference; lastKnownFileType = sourcecode.swift; path = PrimerViajeView.swift; sourceTree = "<group>"; };
/* End PBXFileReference section */

/* Begin PBXFrameworksBuildPhase section */
		E0EF50E527DBB8F200DE7194 /* Frameworks */ = {
			isa = PBXFrameworksBuildPhase;
			buildActionMask = 2147483647;
			files = (
				E0D21FF627F48264006CFC86 /* FirebaseDatabaseSwift-Beta in Frameworks */,
				E0D21FF427F48264006CFC86 /* FirebaseDatabase in Frameworks */,
				E0D21FF027F48264006CFC86 /* FirebaseAnalyticsSwift-Beta in Frameworks */,
				E0D21FEE27F48264006CFC86 /* FirebaseAnalytics in Frameworks */,
				E0D21FE927F39547006CFC86 /* SwiftUIFontIcon in Frameworks */,
				E0D21FF227F48264006CFC86 /* FirebaseAuth in Frameworks */,
			);
			runOnlyForDeploymentPostprocessing = 0;
		};
/* End PBXFrameworksBuildPhase section */

/* Begin PBXGroup section */
		E0A6831127DD5A5600A18E5A /* Transporte */ = {
			isa = PBXGroup;
			children = (
				E0A6831227DD5A7000A18E5A /* TransporteView.swift */,
				E0701D4327E0FDC800567CC2 /* TransporteViewModel.swift */,
				E0701D4527E0FDD400567CC2 /* TransporteModel.swift */,
				E0701D4727E1046500567CC2 /* AgregarTransporteView.swift */,
				E0BBA56027E2B8D900573CEA /* DetalleTransporteView.swift */,
			);
			path = Transporte;
			sourceTree = "<group>";
		};
		E0D560C827DE69B600A270CA /* Gastos */ = {
			isa = PBXGroup;
			children = (
				E0D560C927DE69C700A270CA /* GastosView.swift */,
				E0D21FDE27F3949C006CFC86 /* DetalleGastoView.swift */,
				E0D21FDD27F3949C006CFC86 /* GastosModel.swift */,
				E0D21FE027F3949C006CFC86 /* GastosViewModel.swift */,
				E0D21FDF27F3949C006CFC86 /* NuevoGastoView.swift */,
			);
			path = Gastos;
			sourceTree = "<group>";
		};
		E0D560CB27DF7EC000A270CA /* Equipaje */ = {
			isa = PBXGroup;
			children = (
				E0D560CC27DF7EDB00A270CA /* EquipajeView.swift */,
				E021EACA27EA269400B1859A /* ItemModel.swift */,
				E021EACC27EA3D2700B1859A /* EquipajeViewModel.swift */,
			);
			path = Equipaje;
			sourceTree = "<group>";
		};
		E0D560CE27DF7F9000A270CA /* Inicio */ = {
			isa = PBXGroup;
			children = (
				E0D560CF27DF7FA300A270CA /* InicioView.swift */,
				E021EACE27EBE9A700B1859A /* InicioViewModel.swift */,
				E021EAD027EBE9B500B1859A /* InicioModel.swift */,
			);
			path = Inicio;
			sourceTree = "<group>";
		};
		E0EF50DF27DBB8F200DE7194 = {
			isa = PBXGroup;
			children = (
				E0EF50EA27DBB8F200DE7194 /* ViajerosApp */,
				E0EF50E927DBB8F200DE7194 /* Products */,
			);
			sourceTree = "<group>";
		};
		E0EF50E927DBB8F200DE7194 /* Products */ = {
			isa = PBXGroup;
			children = (
				E0EF50E827DBB8F200DE7194 /* ViajerosApp.app */,
			);
			name = Products;
			sourceTree = "<group>";
		};
		E0EF50EA27DBB8F200DE7194 /* ViajerosApp */ = {
			isa = PBXGroup;
			children = (
				E0D560CE27DF7F9000A270CA /* Inicio */,
				E0D560CB27DF7EC000A270CA /* Equipaje */,
				E0D560C827DE69B600A270CA /* Gastos */,
				E0A6831127DD5A5600A18E5A /* Transporte */,
				E0D21FE527F394A8006CFC86 /* Utils */,
				E0EF50EB27DBB8F200DE7194 /* ViajerosAppApp.swift */,
				E0EF50ED27DBB8F200DE7194 /* HomeView.swift */,
				E0EF50F927DBC4B200DE7194 /* PrimerViajeView.swift */,
				E0D21FEA27F48074006CFC86 /* GoogleService-Info.plist */,
				E0EF50EF27DBB8F400DE7194 /* Assets.xcassets */,
				E0EF50F127DBB8F400DE7194 /* Preview Content */,
			);
			path = ViajerosApp;
			sourceTree = "<group>";
		};
		E0EF50F127DBB8F400DE7194 /* Preview Content */ = {
			isa = PBXGroup;
			children = (
				E0EF50F227DBB8F400DE7194 /* Preview Assets.xcassets */,
			);
			path = "Preview Content";
			sourceTree = "<group>";
		};
/* End PBXGroup section */

/* Begin PBXNativeTarget section */
		E0EF50E727DBB8F200DE7194 /* ViajerosApp */ = {
			isa = PBXNativeTarget;
			buildConfigurationList = E0EF50F627DBB8F400DE7194 /* Build configuration list for PBXNativeTarget "ViajerosApp" */;
			buildPhases = (
				E0EF50E427DBB8F200DE7194 /* Sources */,
				E0EF50E527DBB8F200DE7194 /* Frameworks */,
				E0EF50E627DBB8F200DE7194 /* Resources */,
			);
			buildRules = (
			);
			dependencies = (
			);
			name = ViajerosApp;
			packageProductDependencies = (
				E0D21FE827F39547006CFC86 /* SwiftUIFontIcon */,
				E0D21FED27F48264006CFC86 /* FirebaseAnalytics */,
				E0D21FEF27F48264006CFC86 /* FirebaseAnalyticsSwift-Beta */,
				E0D21FF127F48264006CFC86 /* FirebaseAuth */,
				E0D21FF327F48264006CFC86 /* FirebaseDatabase */,
				E0D21FF527F48264006CFC86 /* FirebaseDatabaseSwift-Beta */,
			);
			productName = ViajerosApp;
			productReference = E0EF50E827DBB8F200DE7194 /* ViajerosApp.app */;
			productType = "com.apple.product-type.application";
		};
/* End PBXNativeTarget section */

/* Begin PBXProject section */
		E0EF50E027DBB8F200DE7194 /* Project object */ = {
			isa = PBXProject;
			attributes = {
				BuildIndependentTargetsInParallel = 1;
				LastSwiftUpdateCheck = 1320;
				LastUpgradeCheck = 1320;
				TargetAttributes = {
					E0EF50E727DBB8F200DE7194 = {
						CreatedOnToolsVersion = 13.2.1;
					};
				};
			};
			buildConfigurationList = E0EF50E327DBB8F200DE7194 /* Build configuration list for PBXProject "ViajerosApp" */;
			compatibilityVersion = "Xcode 13.0";
			developmentRegion = en;
			hasScannedForEncodings = 0;
			knownRegions = (
				en,
				Base,
			);
			mainGroup = E0EF50DF27DBB8F200DE7194;
			packageReferences = (
				E0D21FE727F39547006CFC86 /* XCRemoteSwiftPackageReference "SwiftUIFontIcon" */,
				E0D21FEC27F48264006CFC86 /* XCRemoteSwiftPackageReference "firebase-ios-sdk" */,
			);
			productRefGroup = E0EF50E927DBB8F200DE7194 /* Products */;
			projectDirPath = "";
			projectRoot = "";
			targets = (
				E0EF50E727DBB8F200DE7194 /* ViajerosApp */,
			);
		};
/* End PBXProject section */

/* Begin PBXResourcesBuildPhase section */
		E0EF50E627DBB8F200DE7194 /* Resources */ = {
			isa = PBXResourcesBuildPhase;
			buildActionMask = 2147483647;
			files = (
				E0D21FE627F394A8006CFC86 /* Utils in Resources */,
				E0EF50F327DBB8F400DE7194 /* Preview Assets.xcassets in Resources */,
				E0EF50F027DBB8F400DE7194 /* Assets.xcassets in Resources */,
				E0D21FEB27F48074006CFC86 /* GoogleService-Info.plist in Resources */,
			);
			runOnlyForDeploymentPostprocessing = 0;
		};
/* End PBXResourcesBuildPhase section */

/* Begin PBXSourcesBuildPhase section */
		E0EF50E427DBB8F200DE7194 /* Sources */ = {
			isa = PBXSourcesBuildPhase;
			buildActionMask = 2147483647;
			files = (
				E0D560D027DF7FA300A270CA /* InicioView.swift in Sources */,
				E0D560CD27DF7EDB00A270CA /* EquipajeView.swift in Sources */,
				E0701D4427E0FDC800567CC2 /* TransporteViewModel.swift in Sources */,
				E0D21FE427F3949C006CFC86 /* GastosViewModel.swift in Sources */,
				E0701D4627E0FDD400567CC2 /* TransporteModel.swift in Sources */,
				E0701D4827E1046500567CC2 /* AgregarTransporteView.swift in Sources */,
				E0D560CA27DE69C700A270CA /* GastosView.swift in Sources */,
				E021EACB27EA269400B1859A /* ItemModel.swift in Sources */,
				E0A6831327DD5A7000A18E5A /* TransporteView.swift in Sources */,
				E0BBA56127E2B8D900573CEA /* DetalleTransporteView.swift in Sources */,
				E021EACF27EBE9A700B1859A /* InicioViewModel.swift in Sources */,
				E0EF50EE27DBB8F200DE7194 /* HomeView.swift in Sources */,
				E021EAD127EBE9B500B1859A /* InicioModel.swift in Sources */,
				E0EF50FA27DBC4B200DE7194 /* PrimerViajeView.swift in Sources */,
				E0D21FE227F3949C006CFC86 /* DetalleGastoView.swift in Sources */,
				E0EF50EC27DBB8F200DE7194 /* ViajerosAppApp.swift in Sources */,
				E0D21FE327F3949C006CFC86 /* NuevoGastoView.swift in Sources */,
				E0D21FE127F3949C006CFC86 /* GastosModel.swift in Sources */,
				E021EACD27EA3D2700B1859A /* EquipajeViewModel.swift in Sources */,
			);
			runOnlyForDeploymentPostprocessing = 0;
		};
/* End PBXSourcesBuildPhase section */

/* Begin XCBuildConfiguration section */
		E0EF50F427DBB8F400DE7194 /* Debug */ = {
			isa = XCBuildConfiguration;
			buildSettings = {
				ALWAYS_SEARCH_USER_PATHS = NO;
				CLANG_ANALYZER_NONNULL = YES;
				CLANG_ANALYZER_NUMBER_OBJECT_CONVERSION = YES_AGGRESSIVE;
				CLANG_CXX_LANGUAGE_STANDARD = "gnu++17";
				CLANG_CXX_LIBRARY = "libc++";
				CLANG_ENABLE_MODULES = YES;
				CLANG_ENABLE_OBJC_ARC = YES;
				CLANG_ENABLE_OBJC_WEAK = YES;
				CLANG_WARN_BLOCK_CAPTURE_AUTORELEASING = YES;
				CLANG_WARN_BOOL_CONVERSION = YES;
				CLANG_WARN_COMMA = YES;
				CLANG_WARN_CONSTANT_CONVERSION = YES;
				CLANG_WARN_DEPRECATED_OBJC_IMPLEMENTATIONS = YES;
				CLANG_WARN_DIRECT_OBJC_ISA_USAGE = YES_ERROR;
				CLANG_WARN_DOCUMENTATION_COMMENTS = YES;
				CLANG_WARN_EMPTY_BODY = YES;
				CLANG_WARN_ENUM_CONVERSION = YES;
				CLANG_WARN_INFINITE_RECURSION = YES;
				CLANG_WARN_INT_CONVERSION = YES;
				CLANG_WARN_NON_LITERAL_NULL_CONVERSION = YES;
				CLANG_WARN_OBJC_IMPLICIT_RETAIN_SELF = YES;
				CLANG_WARN_OBJC_LITERAL_CONVERSION = YES;
				CLANG_WARN_OBJC_ROOT_CLASS = YES_ERROR;
				CLANG_WARN_QUOTED_INCLUDE_IN_FRAMEWORK_HEADER = YES;
				CLANG_WARN_RANGE_LOOP_ANALYSIS = YES;
				CLANG_WARN_STRICT_PROTOTYPES = YES;
				CLANG_WARN_SUSPICIOUS_MOVE = YES;
				CLANG_WARN_UNGUARDED_AVAILABILITY = YES_AGGRESSIVE;
				CLANG_WARN_UNREACHABLE_CODE = YES;
				CLANG_WARN__DUPLICATE_METHOD_MATCH = YES;
				COPY_PHASE_STRIP = NO;
				DEBUG_INFORMATION_FORMAT = dwarf;
				ENABLE_STRICT_OBJC_MSGSEND = YES;
				ENABLE_TESTABILITY = YES;
				GCC_C_LANGUAGE_STANDARD = gnu11;
				GCC_DYNAMIC_NO_PIC = NO;
				GCC_NO_COMMON_BLOCKS = YES;
				GCC_OPTIMIZATION_LEVEL = 0;
				GCC_PREPROCESSOR_DEFINITIONS = (
					"DEBUG=1",
					"$(inherited)",
				);
				GCC_WARN_64_TO_32_BIT_CONVERSION = YES;
				GCC_WARN_ABOUT_RETURN_TYPE = YES_ERROR;
				GCC_WARN_UNDECLARED_SELECTOR = YES;
				GCC_WARN_UNINITIALIZED_AUTOS = YES_AGGRESSIVE;
				GCC_WARN_UNUSED_FUNCTION = YES;
				GCC_WARN_UNUSED_VARIABLE = YES;
				IPHONEOS_DEPLOYMENT_TARGET = 15.2;
				MTL_ENABLE_DEBUG_INFO = INCLUDE_SOURCE;
				MTL_FAST_MATH = YES;
				ONLY_ACTIVE_ARCH = YES;
				SDKROOT = iphoneos;
				SWIFT_ACTIVE_COMPILATION_CONDITIONS = DEBUG;
				SWIFT_OPTIMIZATION_LEVEL = "-Onone";
			};
			name = Debug;
		};
		E0EF50F527DBB8F400DE7194 /* Release */ = {
			isa = XCBuildConfiguration;
			buildSettings = {
				ALWAYS_SEARCH_USER_PATHS = NO;
				CLANG_ANALYZER_NONNULL = YES;
				CLANG_ANALYZER_NUMBER_OBJECT_CONVERSION = YES_AGGRESSIVE;
				CLANG_CXX_LANGUAGE_STANDARD = "gnu++17";
				CLANG_CXX_LIBRARY = "libc++";
				CLANG_ENABLE_MODULES = YES;
				CLANG_ENABLE_OBJC_ARC = YES;
				CLANG_ENABLE_OBJC_WEAK = YES;
				CLANG_WARN_BLOCK_CAPTURE_AUTORELEASING = YES;
				CLANG_WARN_BOOL_CONVERSION = YES;
				CLANG_WARN_COMMA = YES;
				CLANG_WARN_CONSTANT_CONVERSION = YES;
				CLANG_WARN_DEPRECATED_OBJC_IMPLEMENTATIONS = YES;
				CLANG_WARN_DIRECT_OBJC_ISA_USAGE = YES_ERROR;
				CLANG_WARN_DOCUMENTATION_COMMENTS = YES;
				CLANG_WARN_EMPTY_BODY = YES;
				CLANG_WARN_ENUM_CONVERSION = YES;
				CLANG_WARN_INFINITE_RECURSION = YES;
				CLANG_WARN_INT_CONVERSION = YES;
				CLANG_WARN_NON_LITERAL_NULL_CONVERSION = YES;
				CLANG_WARN_OBJC_IMPLICIT_RETAIN_SELF = YES;
				CLANG_WARN_OBJC_LITERAL_CONVERSION = YES;
				CLANG_WARN_OBJC_ROOT_CLASS = YES_ERROR;
				CLANG_WARN_QUOTED_INCLUDE_IN_FRAMEWORK_HEADER = YES;
				CLANG_WARN_RANGE_LOOP_ANALYSIS = YES;
				CLANG_WARN_STRICT_PROTOTYPES = YES;
				CLANG_WARN_SUSPICIOUS_MOVE = YES;
				CLANG_WARN_UNGUARDED_AVAILABILITY = YES_AGGRESSIVE;
				CLANG_WARN_UNREACHABLE_CODE = YES;
				CLANG_WARN__DUPLICATE_METHOD_MATCH = YES;
				COPY_PHASE_STRIP = NO;
				DEBUG_INFORMATION_FORMAT = "dwarf-with-dsym";
				ENABLE_NS_ASSERTIONS = NO;
				ENABLE_STRICT_OBJC_MSGSEND = YES;
				GCC_C_LANGUAGE_STANDARD = gnu11;
				GCC_NO_COMMON_BLOCKS = YES;
				GCC_WARN_64_TO_32_BIT_CONVERSION = YES;
				GCC_WARN_ABOUT_RETURN_TYPE = YES_ERROR;
				GCC_WARN_UNDECLARED_SELECTOR = YES;
				GCC_WARN_UNINITIALIZED_AUTOS = YES_AGGRESSIVE;
				GCC_WARN_UNUSED_FUNCTION = YES;
				GCC_WARN_UNUSED_VARIABLE = YES;
				IPHONEOS_DEPLOYMENT_TARGET = 15.2;
				MTL_ENABLE_DEBUG_INFO = NO;
				MTL_FAST_MATH = YES;
				SDKROOT = iphoneos;
				SWIFT_COMPILATION_MODE = wholemodule;
				SWIFT_OPTIMIZATION_LEVEL = "-O";
				VALIDATE_PRODUCT = YES;
			};
			name = Release;
		};
		E0EF50F727DBB8F400DE7194 /* Debug */ = {
			isa = XCBuildConfiguration;
			buildSettings = {
				ASSETCATALOG_COMPILER_APPICON_NAME = AppIcon;
				ASSETCATALOG_COMPILER_GLOBAL_ACCENT_COLOR_NAME = AccentColor;
				CODE_SIGN_STYLE = Automatic;
				CURRENT_PROJECT_VERSION = 1;
				DEVELOPMENT_ASSET_PATHS = "\"ViajerosApp/Preview Content\"";
				ENABLE_PREVIEWS = YES;
				GENERATE_INFOPLIST_FILE = YES;
				INFOPLIST_KEY_UIApplicationSceneManifest_Generation = YES;
				INFOPLIST_KEY_UIApplicationSupportsIndirectInputEvents = YES;
				INFOPLIST_KEY_UILaunchScreen_Generation = YES;
				INFOPLIST_KEY_UISupportedInterfaceOrientations_iPad = "UIInterfaceOrientationPortrait UIInterfaceOrientationPortraitUpsideDown UIInterfaceOrientationLandscapeLeft UIInterfaceOrientationLandscapeRight";
				INFOPLIST_KEY_UISupportedInterfaceOrientations_iPhone = "UIInterfaceOrientationPortrait UIInterfaceOrientationLandscapeLeft UIInterfaceOrientationLandscapeRight";
				LD_RUNPATH_SEARCH_PATHS = (
					"$(inherited)",
					"@executable_path/Frameworks",
				);
				MARKETING_VERSION = 1.0;
				PRODUCT_BUNDLE_IDENTIFIER = ar.fernandomartinotti.ViajerosApp;
				PRODUCT_NAME = "$(TARGET_NAME)";
				SWIFT_EMIT_LOC_STRINGS = YES;
				SWIFT_VERSION = 5.0;
				TARGETED_DEVICE_FAMILY = "1,2";
			};
			name = Debug;
		};
		E0EF50F827DBB8F400DE7194 /* Release */ = {
			isa = XCBuildConfiguration;
			buildSettings = {
				ASSETCATALOG_COMPILER_APPICON_NAME = AppIcon;
				ASSETCATALOG_COMPILER_GLOBAL_ACCENT_COLOR_NAME = AccentColor;
				CODE_SIGN_STYLE = Automatic;
				CURRENT_PROJECT_VERSION = 1;
				DEVELOPMENT_ASSET_PATHS = "\"ViajerosApp/Preview Content\"";
				ENABLE_PREVIEWS = YES;
				GENERATE_INFOPLIST_FILE = YES;
				INFOPLIST_KEY_UIApplicationSceneManifest_Generation = YES;
				INFOPLIST_KEY_UIApplicationSupportsIndirectInputEvents = YES;
				INFOPLIST_KEY_UILaunchScreen_Generation = YES;
				INFOPLIST_KEY_UISupportedInterfaceOrientations_iPad = "UIInterfaceOrientationPortrait UIInterfaceOrientationPortraitUpsideDown UIInterfaceOrientationLandscapeLeft UIInterfaceOrientationLandscapeRight";
				INFOPLIST_KEY_UISupportedInterfaceOrientations_iPhone = "UIInterfaceOrientationPortrait UIInterfaceOrientationLandscapeLeft UIInterfaceOrientationLandscapeRight";
				LD_RUNPATH_SEARCH_PATHS = (
					"$(inherited)",
					"@executable_path/Frameworks",
				);
				MARKETING_VERSION = 1.0;
				PRODUCT_BUNDLE_IDENTIFIER = ar.fernandomartinotti.ViajerosApp;
				PRODUCT_NAME = "$(TARGET_NAME)";
				SWIFT_EMIT_LOC_STRINGS = YES;
				SWIFT_VERSION = 5.0;
				TARGETED_DEVICE_FAMILY = "1,2";
			};
			name = Release;
		};
/* End XCBuildConfiguration section */

/* Begin XCConfigurationList section */
		E0EF50E327DBB8F200DE7194 /* Build configuration list for PBXProject "ViajerosApp" */ = {
			isa = XCConfigurationList;
			buildConfigurations = (
				E0EF50F427DBB8F400DE7194 /* Debug */,
				E0EF50F527DBB8F400DE7194 /* Release */,
			);
			defaultConfigurationIsVisible = 0;
			defaultConfigurationName = Release;
		};
		E0EF50F627DBB8F400DE7194 /* Build configuration list for PBXNativeTarget "ViajerosApp" */ = {
			isa = XCConfigurationList;
			buildConfigurations = (
				E0EF50F727DBB8F400DE7194 /* Debug */,
				E0EF50F827DBB8F400DE7194 /* Release */,
			);
			defaultConfigurationIsVisible = 0;
			defaultConfigurationName = Release;
		};
/* End XCConfigurationList section */

/* Begin XCRemoteSwiftPackageReference section */
		E0D21FE727F39547006CFC86 /* XCRemoteSwiftPackageReference "SwiftUIFontIcon" */ = {
			isa = XCRemoteSwiftPackageReference;
			repositoryURL = "https://github.com/huybuidac/SwiftUIFontIcon";
			requirement = {
				kind = upToNextMajorVersion;
				minimumVersion = 2.0.0;
			};
		};
		E0D21FEC27F48264006CFC86 /* XCRemoteSwiftPackageReference "firebase-ios-sdk" */ = {
			isa = XCRemoteSwiftPackageReference;
			repositoryURL = "https://github.com/firebase/firebase-ios-sdk";
			requirement = {
				kind = upToNextMinorVersion;
				minimumVersion = 8.9.0;
			};
		};
/* End XCRemoteSwiftPackageReference section */

/* Begin XCSwiftPackageProductDependency section */
		E0D21FE827F39547006CFC86 /* SwiftUIFontIcon */ = {
			isa = XCSwiftPackageProductDependency;
			package = E0D21FE727F39547006CFC86 /* XCRemoteSwiftPackageReference "SwiftUIFontIcon" */;
			productName = SwiftUIFontIcon;
		};
		E0D21FED27F48264006CFC86 /* FirebaseAnalytics */ = {
			isa = XCSwiftPackageProductDependency;
			package = E0D21FEC27F48264006CFC86 /* XCRemoteSwiftPackageReference "firebase-ios-sdk" */;
			productName = FirebaseAnalytics;
		};
		E0D21FEF27F48264006CFC86 /* FirebaseAnalyticsSwift-Beta */ = {
			isa = XCSwiftPackageProductDependency;
			package = E0D21FEC27F48264006CFC86 /* XCRemoteSwiftPackageReference "firebase-ios-sdk" */;
			productName = "FirebaseAnalyticsSwift-Beta";
		};
		E0D21FF127F48264006CFC86 /* FirebaseAuth */ = {
			isa = XCSwiftPackageProductDependency;
			package = E0D21FEC27F48264006CFC86 /* XCRemoteSwiftPackageReference "firebase-ios-sdk" */;
			productName = FirebaseAuth;
		};
		E0D21FF327F48264006CFC86 /* FirebaseDatabase */ = {
			isa = XCSwiftPackageProductDependency;
			package = E0D21FEC27F48264006CFC86 /* XCRemoteSwiftPackageReference "firebase-ios-sdk" */;
			productName = FirebaseDatabase;
		};
		E0D21FF527F48264006CFC86 /* FirebaseDatabaseSwift-Beta */ = {
			isa = XCSwiftPackageProductDependency;
			package = E0D21FEC27F48264006CFC86 /* XCRemoteSwiftPackageReference "firebase-ios-sdk" */;
			productName = "FirebaseDatabaseSwift-Beta";
		};
/* End XCSwiftPackageProductDependency section */
	};
	rootObject = E0EF50E027DBB8F200DE7194 /* Project object */;
}
